sdk: ^2.0.0-alpha.145
prefixes:
  certificate_roots: toit-cert-roots
  http: pkg-http
  ringbuffer: toit-ringbuffer
packages:
  pkg-http:
    url: github.com/toitlang/pkg-http
    name: http
    version: 2.7.2
    hash: 614dd0f374e70aab09f12e9466a35b779b9a8d63
  toit-cert-roots:
    url: github.com/toitware/toit-cert-roots
    name: certificate_roots
    version: 1.6.1
    hash: 55d3be82ed53d8d332338b2de931865cf69fe48b
  toit-ringbuffer:
    url: github.com/informaticore/toit-ringbuffer
    name: ringbuffer
    version: 1.0.3
    hash: 678df4a401ad504c97dbeac6e5ecdc4649e976b3
